
Microsoft Visual Studio Solution File, Format Version 12.00
# Visual Studio Version 17
VisualStudioVersion = 17.4.33103.184
MinimumVisualStudioVersion = 10.0.40219.1
Project("{FAE04EC0-301F-11D3-BF4B-00C04F79EFBC}") = "ProjectWithLib", "ProjectWithLib\ProjectWithLib.csproj", "{20887E0A-C41A-457B-BA1D-87BC62821972}"
EndProject
Project("{FAE04EC0-301F-11D3-BF4B-00C04F79EFBC}") = "RandomNumber", "RandomNumber\RandomNumber.csproj", "{8BC212AD-0DCC-49EA-8365-74B558536C70}"
EndProject
Global
	GlobalSection(SolutionConfigurationPlatforms) = preSolution
		Debug|Any CPU = Debug|Any CPU
		Release|Any CPU = Release|Any CPU
	EndGlobalSection
	GlobalSection(ProjectConfigurationPlatforms) = postSolution
		{20887E0A-C41A-457B-BA1D-87BC62821972}.Debug|Any CPU.ActiveCfg = Debug|Any CPU
		{20887E0A-C41A-457B-BA1D-87BC62821972}.Debug|Any CPU.Build.0 = Debug|Any CPU
		{20887E0A-C41A-457B-BA1D-87BC62821972}.Release|Any CPU.ActiveCfg = Release|Any CPU
		{20887E0A-C41A-457B-BA1D-87BC62821972}.Release|Any CPU.Build.0 = Release|Any CPU
		{8BC212AD-0DCC-49EA-8365-74B558536C70}.Debug|Any CPU.ActiveCfg = Debug|Any CPU
		{8BC212AD-0DCC-49EA-8365-74B558536C70}.Debug|Any CPU.Build.0 = Debug|Any CPU
		{8BC212AD-0DCC-49EA-8365-74B558536C70}.Release|Any CPU.ActiveCfg = Release|Any CPU
		{8BC212AD-0DCC-49EA-8365-74B558536C70}.Release|Any CPU.Build.0 = Release|Any CPU
	EndGlobalSection
	GlobalSection(SolutionProperties) = preSolution
		HideSolutionNode = FALSE
	EndGlobalSection
	GlobalSection(ExtensibilityGlobals) = postSolution
		SolutionGuid = {FDB33F64-D026-41E5-B2D5-3F8522442C48}
	EndGlobalSection
EndGlobal
